
Microsoft Visual Studio Solution File, Format Version 12.00
# Visual Studio Version 17
VisualStudioVersion = 17.13.35919.96
MinimumVisualStudioVersion = 10.0.40219.1
Project("{FAE04EC0-301F-11D3-BF4B-00C04F79EFBC}") = "R2EDuy.AspNetMVC.Assignment", "R2EDuy.AspNetMVC.Assignment.csproj", "{27E24958-8E33-42CD-A35F-F52C69DC86D1}"
EndProject
Project("{FAE04EC0-301F-11D3-BF4B-00C04F79EFBC}") = "TestProject", "..\TestProject\TestProject.csproj", "{948518DB-4494-028A-BD24-3AC3123EB742}"
EndProject
Global
	GlobalSection(SolutionConfigurationPlatforms) = preSolution
		Debug|Any CPU = Debug|Any CPU
		Release|Any CPU = Release|Any CPU
	EndGlobalSection
	GlobalSection(ProjectConfigurationPlatforms) = postSolution
		{27E24958-8E33-42CD-A35F-F52C69DC86D1}.Debug|Any CPU.ActiveCfg = Debug|Any CPU
		{27E24958-8E33-42CD-A35F-F52C69DC86D1}.Debug|Any CPU.Build.0 = Debug|Any CPU
		{27E24958-8E33-42CD-A35F-F52C69DC86D1}.Release|Any CPU.ActiveCfg = Release|Any CPU
		{27E24958-8E33-42CD-A35F-F52C69DC86D1}.Release|Any CPU.Build.0 = Release|Any CPU
		{948518DB-4494-028A-BD24-3AC3123EB742}.Debug|Any CPU.ActiveCfg = Debug|Any CPU
		{948518DB-4494-028A-BD24-3AC3123EB742}.Debug|Any CPU.Build.0 = Debug|Any CPU
		{948518DB-4494-028A-BD24-3AC3123EB742}.Release|Any CPU.ActiveCfg = Release|Any CPU
		{948518DB-4494-028A-BD24-3AC3123EB742}.Release|Any CPU.Build.0 = Release|Any CPU
	EndGlobalSection
	GlobalSection(SolutionProperties) = preSolution
		HideSolutionNode = FALSE
	EndGlobalSection
	GlobalSection(ExtensibilityGlobals) = postSolution
		SolutionGuid = {61AC0247-06FB-4BD8-B80E-491D068894F9}
	EndGlobalSection
EndGlobal
